// !$*UTF8*$!
{
	archiveVersion = 1;
	classes = {
	};
	objectVersion = 50;
	objects = {

/* Begin PBXBuildFile section */
		8D9B938D22B634F000616875 /* AppDelegate.m in Sources */ = {isa = PBXBuildFile; fileRef = 8D9B938C22B634F000616875 /* AppDelegate.m */; };
		8D9B939022B634F000616875 /* ViewController.m in Sources */ = {isa = PBXBuildFile; fileRef = 8D9B938F22B634F000616875 /* ViewController.m */; };
		8D9B939322B634F000616875 /* Main.storyboard in Resources */ = {isa = PBXBuildFile; fileRef = 8D9B939122B634F000616875 /* Main.storyboard */; };
		8D9B939522B634F100616875 /* Assets.xcassets in Resources */ = {isa = PBXBuildFile; fileRef = 8D9B939422B634F100616875 /* Assets.xcassets */; };
		8D9B939822B634F100616875 /* LaunchScreen.storyboard in Resources */ = {isa = PBXBuildFile; fileRef = 8D9B939622B634F100616875 /* LaunchScreen.storyboard */; };
		8D9B939B22B634F100616875 /* main.m in Sources */ = {isa = PBXBuildFile; fileRef = 8D9B939A22B634F100616875 /* main.m */; };
		8D9B93A522B6412600616875 /* PHPhotoBrowserViewController.m in Sources */ = {isa = PBXBuildFile; fileRef = 8D9B93A422B6412600616875 /* PHPhotoBrowserViewController.m */; };
		8D9B93A722B6414400616875 /* PHPhotoBrowserViewController.xib in Resources */ = {isa = PBXBuildFile; fileRef = 8D9B93A622B6414400616875 /* PHPhotoBrowserViewController.xib */; };
		8DFDD89322BBBC3D001A9125 /* ALPhotoBrowerViewController.m in Sources */ = {isa = PBXBuildFile; fileRef = 8DFDD89122BBBC3D001A9125 /* ALPhotoBrowerViewController.m */; };
		8DFDD89422BBBC3D001A9125 /* ALPhotoBrowerViewController.xib in Resources */ = {isa = PBXBuildFile; fileRef = 8DFDD89222BBBC3D001A9125 /* ALPhotoBrowerViewController.xib */; };
/* End PBXBuildFile section */

/* Begin PBXFileReference section */
		8D9B938822B634F000616875 /* PhotoBrowser.app */ = {isa = PBXFileReference; explicitFileType = wrapper.application; includeInIndex = 0; path = PhotoBrowser.app; sourceTree = BUILT_PRODUCTS_DIR; };
		8D9B938B22B634F000616875 /* AppDelegate.h */ = {isa = PBXFileReference; lastKnownFileType = sourcecode.c.h; path = AppDelegate.h; sourceTree = "<group>"; };
		8D9B938C22B634F000616875 /* AppDelegate.m */ = {isa = PBXFileReference; lastKnownFileType = sourcecode.c.objc; path = AppDelegate.m; sourceTree = "<group>"; };
		8D9B938E22B634F000616875 /* ViewController.h */ = {isa = PBXFileReference; lastKnownFileType = sourcecode.c.h; path = ViewController.h; sourceTree = "<group>"; };
		8D9B938F22B634F000616875 /* ViewController.m */ = {isa = PBXFileReference; lastKnownFileType = sourcecode.c.objc; path = ViewController.m; sourceTree = "<group>"; };
		8D9B939222B634F000616875 /* Base */ = {isa = PBXFileReference; lastKnownFileType = file.storyboard; name = Base; path = Base.lproj/Main.storyboard; sourceTree = "<group>"; };
		8D9B939422B634F100616875 /* Assets.xcassets */ = {isa = PBXFileReference; lastKnownFileType = folder.assetcatalog; path = Assets.xcassets; sourceTree = "<group>"; };
		8D9B939722B634F100616875 /* Base */ = {isa = PBXFileReference; lastKnownFileType = file.storyboard; name = Base; path = Base.lproj/LaunchScreen.storyboard; sourceTree = "<group>"; };
		8D9B939922B634F100616875 /* Info.plist */ = {isa = PBXFileReference; lastKnownFileType = text.plist.xml; path = Info.plist; sourceTree = "<group>"; };
		8D9B939A22B634F100616875 /* main.m */ = {isa = PBXFileReference; lastKnownFileType = sourcecode.c.objc; path = main.m; sourceTree = "<group>"; };
		8D9B93A322B6412600616875 /* PHPhotoBrowserViewController.h */ = {isa = PBXFileReference; lastKnownFileType = sourcecode.c.h; path = PHPhotoBrowserViewController.h; sourceTree = "<group>"; };
		8D9B93A422B6412600616875 /* PHPhotoBrowserViewController.m */ = {isa = PBXFileReference; lastKnownFileType = sourcecode.c.objc; path = PHPhotoBrowserViewController.m; sourceTree = "<group>"; };
		8D9B93A622B6414400616875 /* PHPhotoBrowserViewController.xib */ = {isa = PBXFileReference; lastKnownFileType = file.xib; path = PHPhotoBrowserViewController.xib; sourceTree = "<group>"; };
		8DFDD89022BBBC3D001A9125 /* ALPhotoBrowerViewController.h */ = {isa = PBXFileReference; lastKnownFileType = sourcecode.c.h; path = ALPhotoBrowerViewController.h; sourceTree = "<group>"; };
		8DFDD89122BBBC3D001A9125 /* ALPhotoBrowerViewController.m */ = {isa = PBXFileReference; lastKnownFileType = sourcecode.c.objc; path = ALPhotoBrowerViewController.m; sourceTree = "<group>"; };
		8DFDD89222BBBC3D001A9125 /* ALPhotoBrowerViewController.xib */ = {isa = PBXFileReference; lastKnownFileType = file.xib; path = ALPhotoBrowerViewController.xib; sourceTree = "<group>"; };
/* End PBXFileReference section */

/* Begin PBXFrameworksBuildPhase section */
		8D9B938522B634F000616875 /* Frameworks */ = {
			isa = PBXFrameworksBuildPhase;
			buildActionMask = 2147483647;
			files = (
			);
			runOnlyForDeploymentPostprocessing = 0;
		};
/* End PBXFrameworksBuildPhase section */

/* Begin PBXGroup section */
		8D9B937F22B634F000616875 = {
			isa = PBXGroup;
			children = (
				8D9B938A22B634F000616875 /* PhotoBrowser */,
				8D9B938922B634F000616875 /* Products */,
			);
			sourceTree = "<group>";
		};
		8D9B938922B634F000616875 /* Products */ = {
			isa = PBXGroup;
			children = (
				8D9B938822B634F000616875 /* PhotoBrowser.app */,
			);
			name = Products;
			sourceTree = "<group>";
		};
		8D9B938A22B634F000616875 /* PhotoBrowser */ = {
			isa = PBXGroup;
			children = (
				8D9B93A222B640BB00616875 /* ALPhotoBrowser */,
				8D9B93A122B640A900616875 /* PHPhotoBrowser */,
				8D9B938B22B634F000616875 /* AppDelegate.h */,
				8D9B938C22B634F000616875 /* AppDelegate.m */,
				8D9B938E22B634F000616875 /* ViewController.h */,
				8D9B938F22B634F000616875 /* ViewController.m */,
				8D9B939122B634F000616875 /* Main.storyboard */,
				8D9B939422B634F100616875 /* Assets.xcassets */,
				8D9B939622B634F100616875 /* LaunchScreen.storyboard */,
				8D9B939922B634F100616875 /* Info.plist */,
				8D9B939A22B634F100616875 /* main.m */,
			);
			path = PhotoBrowser;
			sourceTree = "<group>";
		};
		8D9B93A122B640A900616875 /* PHPhotoBrowser */ = {
			isa = PBXGroup;
			children = (
				8D9B93A322B6412600616875 /* PHPhotoBrowserViewController.h */,
				8D9B93A422B6412600616875 /* PHPhotoBrowserViewController.m */,
				8D9B93A622B6414400616875 /* PHPhotoBrowserViewController.xib */,
			);
			path = PHPhotoBrowser;
			sourceTree = "<group>";
		};
		8D9B93A222B640BB00616875 /* ALPhotoBrowser */ = {
			isa = PBXGroup;
			children = (
				8DFDD89022BBBC3D001A9125 /* ALPhotoBrowerViewController.h */,
				8DFDD89122BBBC3D001A9125 /* ALPhotoBrowerViewController.m */,
				8DFDD89222BBBC3D001A9125 /* ALPhotoBrowerViewController.xib */,
			);
			path = ALPhotoBrowser;
			sourceTree = "<group>";
		};
/* End PBXGroup section */

/* Begin PBXNativeTarget section */
		8D9B938722B634F000616875 /* PhotoBrowser */ = {
			isa = PBXNativeTarget;
			buildConfigurationList = 8D9B939E22B634F100616875 /* Build configuration list for PBXNativeTarget "PhotoBrowser" */;
			buildPhases = (
				8D9B938422B634F000616875 /* Sources */,
				8D9B938522B634F000616875 /* Frameworks */,
				8D9B938622B634F000616875 /* Resources */,
			);
			buildRules = (
			);
			dependencies = (
			);
			name = PhotoBrowser;
			productName = PhotoBrowser;
			productReference = 8D9B938822B634F000616875 /* PhotoBrowser.app */;
			productType = "com.apple.product-type.application";
		};
/* End PBXNativeTarget section */

/* Begin PBXProject section */
		8D9B938022B634F000616875 /* Project object */ = {
			isa = PBXProject;
			attributes = {
				LastUpgradeCheck = 1010;
				ORGANIZATIONNAME = lanht;
				TargetAttributes = {
					8D9B938722B634F000616875 = {
						CreatedOnToolsVersion = 10.1;
					};
				};
			};
			buildConfigurationList = 8D9B938322B634F000616875 /* Build configuration list for PBXProject "PhotoBrowser" */;
			compatibilityVersion = "Xcode 9.3";
			developmentRegion = en;
			hasScannedForEncodings = 0;
			knownRegions = (
				en,
				Base,
			);
			mainGroup = 8D9B937F22B634F000616875;
			productRefGroup = 8D9B938922B634F000616875 /* Products */;
			projectDirPath = "";
			projectRoot = "";
			targets = (
				8D9B938722B634F000616875 /* PhotoBrowser */,
			);
		};
/* End PBXProject section */

/* Begin PBXResourcesBuildPhase section */
		8D9B938622B634F000616875 /* Resources */ = {
			isa = PBXResourcesBuildPhase;
			buildActionMask = 2147483647;
			files = (
				8D9B93A722B6414400616875 /* PHPhotoBrowserViewController.xib in Resources */,
				8D9B939822B634F100616875 /* LaunchScreen.storyboard in Resources */,
				8DFDD89422BBBC3D001A9125 /* ALPhotoBrowerViewController.xib in Resources */,
				8D9B939522B634F100616875 /* Assets.xcassets in Resources */,
				8D9B939322B634F000616875 /* Main.storyboard in Resources */,
			);
			runOnlyForDeploymentPostprocessing = 0;
		};
/* End PBXResourcesBuildPhase section */

/* Begin PBXSourcesBuildPhase section */
		8D9B938422B634F000616875 /* Sources */ = {
			isa = PBXSourcesBuildPhase;
			buildActionMask = 2147483647;
			files = (
				8D9B939022B634F000616875 /* ViewController.m in Sources */,
				8D9B939B22B634F100616875 /* main.m in Sources */,
				8DFDD89322BBBC3D001A9125 /* ALPhotoBrowerViewController.m in Sources */,
				8D9B93A522B6412600616875 /* PHPhotoBrowserViewController.m in Sources */,
				8D9B938D22B634F000616875 /* AppDelegate.m in Sources */,
			);
			runOnlyForDeploymentPostprocessing = 0;
		};
/* End PBXSourcesBuildPhase section */

/* Begin PBXVariantGroup section */
		8D9B939122B634F000616875 /* Main.storyboard */ = {
			isa = PBXVariantGroup;
			children = (
				8D9B939222B634F000616875 /* Base */,
			);
			name = Main.storyboard;
			sourceTree = "<group>";
		};
		8D9B939622B634F100616875 /* LaunchScreen.storyboard */ = {
			isa = PBXVariantGroup;
			children = (
				8D9B939722B634F100616875 /* Base */,
			);
			name = LaunchScreen.storyboard;
			sourceTree = "<group>";
		};
/* End PBXVariantGroup section */

/* Begin XCBuildConfiguration section */
		8D9B939C22B634F100616875 /* Debug */ = {
			isa = XCBuildConfiguration;
			buildSettings = {
				ALWAYS_SEARCH_USER_PATHS = NO;
				CLANG_ANALYZER_NONNULL = YES;
				CLANG_ANALYZER_NUMBER_OBJECT_CONVERSION = YES_AGGRESSIVE;
				CLANG_CXX_LANGUAGE_STANDARD = "gnu++14";
				CLANG_CXX_LIBRARY = "libc++";
				CLANG_ENABLE_MODULES = YES;
				CLANG_ENABLE_OBJC_ARC = YES;
				CLANG_ENABLE_OBJC_WEAK = YES;
				CLANG_WARN_BLOCK_CAPTURE_AUTORELEASING = YES;
				CLANG_WARN_BOOL_CONVERSION = YES;
				CLANG_WARN_COMMA = YES;
				CLANG_WARN_CONSTANT_CONVERSION = YES;
				CLANG_WARN_DEPRECATED_OBJC_IMPLEMENTATIONS = YES;
				CLANG_WARN_DIRECT_OBJC_ISA_USAGE = YES_ERROR;
				CLANG_WARN_DOCUMENTATION_COMMENTS = YES;
				CLANG_WARN_EMPTY_BODY = YES;
				CLANG_WARN_ENUM_CONVERSION = YES;
				CLANG_WARN_INFINITE_RECURSION = YES;
				CLANG_WARN_INT_CONVERSION = YES;
				CLANG_WARN_NON_LITERAL_NULL_CONVERSION = YES;
				CLANG_WARN_OBJC_IMPLICIT_RETAIN_SELF = YES;
				CLANG_WARN_OBJC_LITERAL_CONVERSION = YES;
				CLANG_WARN_OBJC_ROOT_CLASS = YES_ERROR;
				CLANG_WARN_RANGE_LOOP_ANALYSIS = YES;
				CLANG_WARN_STRICT_PROTOTYPES = YES;
				CLANG_WARN_SUSPICIOUS_MOVE = YES;
				CLANG_WARN_UNGUARDED_AVAILABILITY = YES_AGGRESSIVE;
				CLANG_WARN_UNREACHABLE_CODE = YES;
				CLANG_WARN__DUPLICATE_METHOD_MATCH = YES;
				CODE_SIGN_IDENTITY = "iPhone Developer";
				COPY_PHASE_STRIP = NO;
				DEBUG_INFORMATION_FORMAT = dwarf;
				ENABLE_STRICT_OBJC_MSGSEND = YES;
				ENABLE_TESTABILITY = YES;
				GCC_C_LANGUAGE_STANDARD = gnu11;
				GCC_DYNAMIC_NO_PIC = NO;
				GCC_NO_COMMON_BLOCKS = YES;
				GCC_OPTIMIZATION_LEVEL = 0;
				GCC_PREPROCESSOR_DEFINITIONS = (
					"DEBUG=1",
					"$(inherited)",
				);
				GCC_WARN_64_TO_32_BIT_CONVERSION = YES;
				GCC_WARN_ABOUT_RETURN_TYPE = YES_ERROR;
				GCC_WARN_UNDECLARED_SELECTOR = YES;
				GCC_WARN_UNINITIALIZED_AUTOS = YES_AGGRESSIVE;
				GCC_WARN_UNUSED_FUNCTION = YES;
				GCC_WARN_UNUSED_VARIABLE = YES;
				IPHONEOS_DEPLOYMENT_TARGET = 12.1;
				MTL_ENABLE_DEBUG_INFO = INCLUDE_SOURCE;
				MTL_FAST_MATH = YES;
				ONLY_ACTIVE_ARCH = YES;
				SDKROOT = iphoneos;
			};
			name = Debug;
		};
		8D9B939D22B634F100616875 /* Release */ = {
			isa = XCBuildConfiguration;
			buildSettings = {
				ALWAYS_SEARCH_USER_PATHS = NO;
				CLANG_ANALYZER_NONNULL = YES;
				CLANG_ANALYZER_NUMBER_OBJECT_CONVERSION = YES_AGGRESSIVE;
				CLANG_CXX_LANGUAGE_STANDARD = "gnu++14";
				CLANG_CXX_LIBRARY = "libc++";
				CLANG_ENABLE_MODULES = YES;
				CLANG_ENABLE_OBJC_ARC = YES;
				CLANG_ENABLE_OBJC_WEAK = YES;
				CLANG_WARN_BLOCK_CAPTURE_AUTORELEASING = YES;
				CLANG_WARN_BOOL_CONVERSION = YES;
				CLANG_WARN_COMMA = YES;
				CLANG_WARN_CONSTANT_CONVERSION = YES;
				CLANG_WARN_DEPRECATED_OBJC_IMPLEMENTATIONS = YES;
				CLANG_WARN_DIRECT_OBJC_ISA_USAGE = YES_ERROR;
				CLANG_WARN_DOCUMENTATION_COMMENTS = YES;
				CLANG_WARN_EMPTY_BODY = YES;
				CLANG_WARN_ENUM_CONVERSION = YES;
				CLANG_WARN_INFINITE_RECURSION = YES;
				CLANG_WARN_INT_CONVERSION = YES;
				CLANG_WARN_NON_LITERAL_NULL_CONVERSION = YES;
				CLANG_WARN_OBJC_IMPLICIT_RETAIN_SELF = YES;
				CLANG_WARN_OBJC_LITERAL_CONVERSION = YES;
				CLANG_WARN_OBJC_ROOT_CLASS = YES_ERROR;
				CLANG_WARN_RANGE_LOOP_ANALYSIS = YES;
				CLANG_WARN_STRICT_PROTOTYPES = YES;
				CLANG_WARN_SUSPICIOUS_MOVE = YES;
				CLANG_WARN_UNGUARDED_AVAILABILITY = YES_AGGRESSIVE;
				CLANG_WARN_UNREACHABLE_CODE = YES;
				CLANG_WARN__DUPLICATE_METHOD_MATCH = YES;
				CODE_SIGN_IDENTITY = "iPhone Developer";
				COPY_PHASE_STRIP = NO;
				DEBUG_INFORMATION_FORMAT = "dwarf-with-dsym";
				ENABLE_NS_ASSERTIONS = NO;
				ENABLE_STRICT_OBJC_MSGSEND = YES;
				GCC_C_LANGUAGE_STANDARD = gnu11;
				GCC_NO_COMMON_BLOCKS = YES;
				GCC_WARN_64_TO_32_BIT_CONVERSION = YES;
				GCC_WARN_ABOUT_RETURN_TYPE = YES_ERROR;
				GCC_WARN_UNDECLARED_SELECTOR = YES;
				GCC_WARN_UNINITIALIZED_AUTOS = YES_AGGRESSIVE;
				GCC_WARN_UNUSED_FUNCTION = YES;
				GCC_WARN_UNUSED_VARIABLE = YES;
				IPHONEOS_DEPLOYMENT_TARGET = 12.1;
				MTL_ENABLE_DEBUG_INFO = NO;
				MTL_FAST_MATH = YES;
				SDKROOT = iphoneos;
				VALIDATE_PRODUCT = YES;
			};
			name = Release;
		};
		8D9B939F22B634F100616875 /* Debug */ = {
			isa = XCBuildConfiguration;
			buildSettings = {
				ASSETCATALOG_COMPILER_APPICON_NAME = AppIcon;
				CODE_SIGN_IDENTITY = "iPhone Developer";
				CODE_SIGN_STYLE = Automatic;
				DEVELOPMENT_TEAM = TXP538CUB9;
				INFOPLIST_FILE = PhotoBrowser/Info.plist;
				IPHONEOS_DEPLOYMENT_TARGET = 9.0;
				LD_RUNPATH_SEARCH_PATHS = (
					"$(inherited)",
					"@executable_path/Frameworks",
				);
				PRODUCT_BUNDLE_IDENTIFIER = com.lanht.PhotoBrowser;
				PRODUCT_NAME = "$(TARGET_NAME)";
				PROVISIONING_PROFILE_SPECIFIER = "";
				TARGETED_DEVICE_FAMILY = "1,2";
			};
			name = Debug;
		};
		8D9B93A022B634F100616875 /* Release */ = {
			isa = XCBuildConfiguration;
			buildSettings = {
				ASSETCATALOG_COMPILER_APPICON_NAME = AppIcon;
				CODE_SIGN_IDENTITY = "iPhone Developer";
				CODE_SIGN_STYLE = Automatic;
				DEVELOPMENT_TEAM = TXP538CUB9;
				INFOPLIST_FILE = PhotoBrowser/Info.plist;
				IPHONEOS_DEPLOYMENT_TARGET = 9.0;
				LD_RUNPATH_SEARCH_PATHS = (
					"$(inherited)",
					"@executable_path/Frameworks",
				);
				PRODUCT_BUNDLE_IDENTIFIER = com.lanht.PhotoBrowser;
				PRODUCT_NAME = "$(TARGET_NAME)";
				PROVISIONING_PROFILE_SPECIFIER = "";
				TARGETED_DEVICE_FAMILY = "1,2";
			};
			name = Release;
		};
/* End XCBuildConfiguration section */

/* Begin XCConfigurationList section */
		8D9B938322B634F000616875 /* Build configuration list for PBXProject "PhotoBrowser" */ = {
			isa = XCConfigurationList;
			buildConfigurations = (
				8D9B939C22B634F100616875 /* Debug */,
				8D9B939D22B634F100616875 /* Release */,
			);
			defaultConfigurationIsVisible = 0;
			defaultConfigurationName = Release;
		};
		8D9B939E22B634F100616875 /* Build configuration list for PBXNativeTarget "PhotoBrowser" */ = {
			isa = XCConfigurationList;
			buildConfigurations = (
				8D9B939F22B634F100616875 /* Debug */,
				8D9B93A022B634F100616875 /* Release */,
			);
			defaultConfigurationIsVisible = 0;
			defaultConfigurationName = Release;
		};
/* End XCConfigurationList section */
	};
	rootObject = 8D9B938022B634F000616875 /* Project object */;
}
